# THIS IS AN AUTOGENERATED FILE. DO NOT EDIT THIS FILE DIRECTLY.
# yarn lockfile v1


mini-particle@^1.0.1:
  version "1.0.1"
  resolved "https://registry.yarnpkg.com/mini-particle/-/mini-particle-1.0.1.tgz#dceeb36b35c4c9b5995ee8f5b8c39de25912d0cf"
  integrity sha512-lMEFTOxzmFZU1cEHQJdJNfwKpMvYgnMhKP3Ya5w9PF3G2T0RlMSqMYoafHQLmVMp1NxImVHD85QTCc3cgDdu/A==
